
Microsoft Visual Studio Solution File, Format Version 12.00
Project("{FAE04EC0-301F-11D3-BF4B-00C04F79EFBC}") = "VeloBrawl", "VeloBrawl\VeloBrawl.csproj", "{465D778C-0B18-4929-A836-0E431A1AA89C}"
EndProject
Project("{FAE04EC0-301F-11D3-BF4B-00C04F79EFBC}") = "VeloBrawl.Titan", "VeloBrawl.Titan\VeloBrawl.Titan.csproj", "{8709C308-75D3-4D94-8A58-F3D6FF19B8D3}"
EndProject
Project("{FAE04EC0-301F-11D3-BF4B-00C04F79EFBC}") = "VeloBrawl.Supercell.Titan", "VeloBrawl.Supercell.Titan\VeloBrawl.Supercell.Titan.csproj", "{DD09F32F-4820-4187-A019-D9C861A9E6B5}"
EndProject
Project("{FAE04EC0-301F-11D3-BF4B-00C04F79EFBC}") = "VeloBrawl.Tools", "VeloBrawl.Tools\VeloBrawl.Tools.csproj", "{17FE50EC-DBCB-4F25-9B3D-74DF6BED0CF2}"
EndProject
Project("{FAE04EC0-301F-11D3-BF4B-00C04F79EFBC}") = "VeloBrawl.General", "VeloBrawl.General\VeloBrawl.General.csproj", "{52B744CA-1FC7-4D5F-96E2-696710C3E79D}"
EndProject
Project("{FAE04EC0-301F-11D3-BF4B-00C04F79EFBC}") = "VeloBrawl.Logic", "VeloBrawl.Logic\VeloBrawl.Logic.csproj", "{A5F4DA72-036F-4BBA-90A9-3E6A76E785B1}"
EndProject
Project("{FAE04EC0-301F-11D3-BF4B-00C04F79EFBC}") = "VeloBrawl.Manage", "VeloBrawl.Manage\VeloBrawl.Manage.csproj", "{06501D9E-7371-41FF-8DC4-949099C542D2}"
EndProject
Project("{FAE04EC0-301F-11D3-BF4B-00C04F79EFBC}") = "VeloBrawl.Service", "VeloBrawl.Service\VeloBrawl.Service.csproj", "{96B0B139-0AAE-4BEA-A80B-1F5D97B552EE}"
EndProject
Project("{FAE04EC0-301F-11D3-BF4B-00C04F79EFBC}") = "VeloBrawl.StaticService", "VeloBrawl.StaticService\VeloBrawl.StaticService.csproj", "{ED25ED5A-8F27-47E9-A514-B4F12B8CDE9E}"
EndProject
Project("{FAE04EC0-301F-11D3-BF4B-00C04F79EFBC}") = "VeloBrawl.Proxy", "VeloBrawl.Proxy\VeloBrawl.Proxy.csproj", "{71DB1EAC-AB3F-47DC-BBF8-CFB6380D3EDA}"
EndProject
Project("{FAE04EC0-301F-11D3-BF4B-00C04F79EFBC}") = "VeloBrawl.Custom.Stream", "VeloBrawl.Custom.Stream\VeloBrawl.Custom.Stream.csproj", "{119C99F1-0A06-40BA-AF2C-77370C78CA20}"
EndProject
Global
	GlobalSection(SolutionConfigurationPlatforms) = preSolution
		Debug|Any CPU = Debug|Any CPU
		Release|Any CPU = Release|Any CPU
	EndGlobalSection
	GlobalSection(ProjectConfigurationPlatforms) = postSolution
		{465D778C-0B18-4929-A836-0E431A1AA89C}.Debug|Any CPU.ActiveCfg = Debug|Any CPU
		{465D778C-0B18-4929-A836-0E431A1AA89C}.Debug|Any CPU.Build.0 = Debug|Any CPU
		{465D778C-0B18-4929-A836-0E431A1AA89C}.Release|Any CPU.ActiveCfg = Release|Any CPU
		{465D778C-0B18-4929-A836-0E431A1AA89C}.Release|Any CPU.Build.0 = Release|Any CPU
		{8709C308-75D3-4D94-8A58-F3D6FF19B8D3}.Debug|Any CPU.ActiveCfg = Debug|Any CPU
		{8709C308-75D3-4D94-8A58-F3D6FF19B8D3}.Debug|Any CPU.Build.0 = Debug|Any CPU
		{8709C308-75D3-4D94-8A58-F3D6FF19B8D3}.Release|Any CPU.ActiveCfg = Release|Any CPU
		{8709C308-75D3-4D94-8A58-F3D6FF19B8D3}.Release|Any CPU.Build.0 = Release|Any CPU
		{DD09F32F-4820-4187-A019-D9C861A9E6B5}.Debug|Any CPU.ActiveCfg = Debug|Any CPU
		{DD09F32F-4820-4187-A019-D9C861A9E6B5}.Debug|Any CPU.Build.0 = Debug|Any CPU
		{DD09F32F-4820-4187-A019-D9C861A9E6B5}.Release|Any CPU.ActiveCfg = Release|Any CPU
		{DD09F32F-4820-4187-A019-D9C861A9E6B5}.Release|Any CPU.Build.0 = Release|Any CPU
		{17FE50EC-DBCB-4F25-9B3D-74DF6BED0CF2}.Debug|Any CPU.ActiveCfg = Debug|Any CPU
		{17FE50EC-DBCB-4F25-9B3D-74DF6BED0CF2}.Debug|Any CPU.Build.0 = Debug|Any CPU
		{17FE50EC-DBCB-4F25-9B3D-74DF6BED0CF2}.Release|Any CPU.ActiveCfg = Release|Any CPU
		{17FE50EC-DBCB-4F25-9B3D-74DF6BED0CF2}.Release|Any CPU.Build.0 = Release|Any CPU
		{52B744CA-1FC7-4D5F-96E2-696710C3E79D}.Debug|Any CPU.ActiveCfg = Debug|Any CPU
		{52B744CA-1FC7-4D5F-96E2-696710C3E79D}.Debug|Any CPU.Build.0 = Debug|Any CPU
		{52B744CA-1FC7-4D5F-96E2-696710C3E79D}.Release|Any CPU.ActiveCfg = Release|Any CPU
		{52B744CA-1FC7-4D5F-96E2-696710C3E79D}.Release|Any CPU.Build.0 = Release|Any CPU
		{A5F4DA72-036F-4BBA-90A9-3E6A76E785B1}.Debug|Any CPU.ActiveCfg = Debug|Any CPU
		{A5F4DA72-036F-4BBA-90A9-3E6A76E785B1}.Debug|Any CPU.Build.0 = Debug|Any CPU
		{A5F4DA72-036F-4BBA-90A9-3E6A76E785B1}.Release|Any CPU.ActiveCfg = Release|Any CPU
		{A5F4DA72-036F-4BBA-90A9-3E6A76E785B1}.Release|Any CPU.Build.0 = Release|Any CPU
		{06501D9E-7371-41FF-8DC4-949099C542D2}.Debug|Any CPU.ActiveCfg = Debug|Any CPU
		{06501D9E-7371-41FF-8DC4-949099C542D2}.Debug|Any CPU.Build.0 = Debug|Any CPU
		{06501D9E-7371-41FF-8DC4-949099C542D2}.Release|Any CPU.ActiveCfg = Release|Any CPU
		{06501D9E-7371-41FF-8DC4-949099C542D2}.Release|Any CPU.Build.0 = Release|Any CPU
		{96B0B139-0AAE-4BEA-A80B-1F5D97B552EE}.Debug|Any CPU.ActiveCfg = Debug|Any CPU
		{96B0B139-0AAE-4BEA-A80B-1F5D97B552EE}.Debug|Any CPU.Build.0 = Debug|Any CPU
		{96B0B139-0AAE-4BEA-A80B-1F5D97B552EE}.Release|Any CPU.ActiveCfg = Release|Any CPU
		{96B0B139-0AAE-4BEA-A80B-1F5D97B552EE}.Release|Any CPU.Build.0 = Release|Any CPU
		{ED25ED5A-8F27-47E9-A514-B4F12B8CDE9E}.Debug|Any CPU.ActiveCfg = Debug|Any CPU
		{ED25ED5A-8F27-47E9-A514-B4F12B8CDE9E}.Debug|Any CPU.Build.0 = Debug|Any CPU
		{ED25ED5A-8F27-47E9-A514-B4F12B8CDE9E}.Release|Any CPU.ActiveCfg = Release|Any CPU
		{ED25ED5A-8F27-47E9-A514-B4F12B8CDE9E}.Release|Any CPU.Build.0 = Release|Any CPU
		{71DB1EAC-AB3F-47DC-BBF8-CFB6380D3EDA}.Debug|Any CPU.ActiveCfg = Debug|Any CPU
		{71DB1EAC-AB3F-47DC-BBF8-CFB6380D3EDA}.Debug|Any CPU.Build.0 = Debug|Any CPU
		{71DB1EAC-AB3F-47DC-BBF8-CFB6380D3EDA}.Release|Any CPU.ActiveCfg = Release|Any CPU
		{71DB1EAC-AB3F-47DC-BBF8-CFB6380D3EDA}.Release|Any CPU.Build.0 = Release|Any CPU
		{119C99F1-0A06-40BA-AF2C-77370C78CA20}.Debug|Any CPU.ActiveCfg = Debug|Any CPU
		{119C99F1-0A06-40BA-AF2C-77370C78CA20}.Debug|Any CPU.Build.0 = Debug|Any CPU
		{119C99F1-0A06-40BA-AF2C-77370C78CA20}.Release|Any CPU.ActiveCfg = Release|Any CPU
		{119C99F1-0A06-40BA-AF2C-77370C78CA20}.Release|Any CPU.Build.0 = Release|Any CPU
	EndGlobalSection
EndGlobal
